
Microsoft Visual Studio Solution File, Format Version 12.00
# Visual Studio Version 17
VisualStudioVersion = 17.1.32328.378
MinimumVisualStudioVersion = 10.0.40219.1
Project("{FAE04EC0-301F-11D3-BF4B-00C04F79EFBC}") = "Lambda", "Lambda\Lambda.csproj", "{B312001D-5106-4156-85E7-748ADC560C78}"
EndProject
Project("{2150E333-8FDC-42A3-9474-1A3956D46DE8}") = "Solution Items", "Solution Items", "{D02C16EF-1C8E-4DE3-A74A-023B1E9908EA}"
EndProject
Global
	GlobalSection(SolutionConfigurationPlatforms) = preSolution
		Debug|Any CPU = Debug|Any CPU
		Release|Any CPU = Release|Any CPU
	EndGlobalSection
	GlobalSection(ProjectConfigurationPlatforms) = postSolution
		{B312001D-5106-4156-85E7-748ADC560C78}.Debug|Any CPU.ActiveCfg = Debug|Any CPU
		{B312001D-5106-4156-85E7-748ADC560C78}.Debug|Any CPU.Build.0 = Debug|Any CPU
		{B312001D-5106-4156-85E7-748ADC560C78}.Release|Any CPU.ActiveCfg = Release|Any CPU
		{B312001D-5106-4156-85E7-748ADC560C78}.Release|Any CPU.Build.0 = Release|Any CPU
	EndGlobalSection
	GlobalSection(SolutionProperties) = preSolution
		HideSolutionNode = FALSE
	EndGlobalSection
	GlobalSection(ExtensibilityGlobals) = postSolution
		SolutionGuid = {B25290E7-EAD7-44CC-B9C6-CA211FAB2A03}
	EndGlobalSection
EndGlobal
