
Microsoft Visual Studio Solution File, Format Version 12.00
# Visual Studio Version 17
VisualStudioVersion = 17.1.32328.378
MinimumVisualStudioVersion = 10.0.40219.1
Project("{FAE04EC0-301F-11D3-BF4B-00C04F79EFBC}") = "NullableTypes", "NullableTypes.csproj", "{C2F45F75-400E-4FC9-B277-47F6D52A51B3}"
EndProject
Global
	GlobalSection(SolutionConfigurationPlatforms) = preSolution
		Debug|Any CPU = Debug|Any CPU
		Release|Any CPU = Release|Any CPU
	EndGlobalSection
	GlobalSection(ProjectConfigurationPlatforms) = postSolution
		{C2F45F75-400E-4FC9-B277-47F6D52A51B3}.Debug|Any CPU.ActiveCfg = Debug|Any CPU
		{C2F45F75-400E-4FC9-B277-47F6D52A51B3}.Debug|Any CPU.Build.0 = Debug|Any CPU
		{C2F45F75-400E-4FC9-B277-47F6D52A51B3}.Release|Any CPU.ActiveCfg = Release|Any CPU
		{C2F45F75-400E-4FC9-B277-47F6D52A51B3}.Release|Any CPU.Build.0 = Release|Any CPU
	EndGlobalSection
	GlobalSection(SolutionProperties) = preSolution
		HideSolutionNode = FALSE
	EndGlobalSection
	GlobalSection(ExtensibilityGlobals) = postSolution
		SolutionGuid = {29E5F926-3C88-4472-9727-FF232A58C8B1}
	EndGlobalSection
EndGlobal
